<?xml version="1.0" encoding="utf-8"?>
<Project ToolsVersion="4.0" xmlns="http://schemas.microsoft.com/developer/msbuild/2003">
  <ItemGroup>
    <Filter Include="Ten18">
      <UniqueIdentifier>{1abf7815-c57e-4889-a24f-32ec451f434e}</UniqueIdentifier>
    </Filter>
    <Filter Include="Ten18\Shaders">
      <UniqueIdentifier>{4d71cf30-efcf-4ec2-93d1-de7606f4c0da}</UniqueIdentifier>
    </Filter>
  </ItemGroup>
  <ItemGroup>
    <None Include="Ten18\Shaders\Compile.cmd">
      <Filter>Ten18\Shaders</Filter>
    </None>
    <None Include="Ten18\Shaders\GrayCode.fx">
      <Filter>Ten18\Shaders</Filter>
    </None>
    <None Include="Ten18\Shaders\Capture.fx">
      <Filter>Ten18\Shaders</Filter>
    </None>
  </ItemGroup>
</Project>