<?xml version="1.0" encoding="utf-8"?>
<Project ToolsVersion="4.0" xmlns="http://schemas.microsoft.com/developer/msbuild/2003">
  <ItemGroup>
    <ClCompile Include="Ten18\Libraries.cpp">
      <Filter>Ten18</Filter>
    </ClCompile>
    <ClCompile Include="Ten18\PCH.cpp">
      <Filter>Ten18</Filter>
    </ClCompile>
    <ClCompile Include="Ten18\CLR\Host.cpp">
      <Filter>Ten18\CLR</Filter>
    </ClCompile>
    <ClCompile Include="Ten18\CLR\HostControl.cpp">
      <Filter>Ten18\CLR</Filter>
    </ClCompile>
    <ClCompile Include="Ten18\WinMain.cpp">
      <Filter>Ten18</Filter>
    </ClCompile>
    <ClCompile Include="Ten18\Expect.cpp">
      <Filter>Ten18</Filter>
    </ClCompile>
    <ClCompile Include="Ten18\Windows\RawInput.cpp">
      <Filter>Ten18\Windows</Filter>
    </ClCompile>
    <ClCompile Include="Ten18\Graphics\Device.cpp">
      <Filter>Ten18\Graphics</Filter>
    </ClCompile>
    <ClCompile Include="Ten18\Graphics\SwapChain.cpp">
      <Filter>Ten18\Graphics</Filter>
    </ClCompile>
    <ClCompile Include="Ten18\Graphics\Vertex.cpp">
      <Filter>Ten18\Graphics</Filter>
    </ClCompile>
    <ClCompile Include="Ten18\COM\COMPtr.cpp">
      <Filter>Ten18\COM</Filter>
    </ClCompile>
    <ClCompile Include="Ten18\Sandbox.cpp">
      <Filter>Ten18</Filter>
    </ClCompile>
    <ClCompile Include="Ten18\Capture\CLEyeCapture.cpp">
      <Filter>Ten18\Capture</Filter>
    </ClCompile>
    <ClCompile Include="Ten18\Capture\CaptureSource.cpp">
      <Filter>Ten18\Capture</Filter>
    </ClCompile>
    <ClCompile Include="Ten18\Image.cpp">
      <Filter>Ten18</Filter>
    </ClCompile>
    <ClCompile Include="Ten18\Console.cpp">
      <Filter>Ten18</Filter>
    </ClCompile>
    <ClCompile Include="Ten18\Util.cpp">
      <Filter>Ten18</Filter>
    </ClCompile>
    <ClCompile Include="Ten18\Tests.cpp">
      <Filter>Ten18</Filter>
    </ClCompile>
    <ClCompile Include="Ten18\Graphics\Writer.cpp">
      <Filter>Ten18\Graphics</Filter>
    </ClCompile>
    <ClCompile Include="Ten18\Capture\MediaFoundationCapture.cpp">
      <Filter>Ten18\Capture</Filter>
    </ClCompile>
    <ClCompile Include="Ten18\Capture\MediaFoundationLogger.cpp">
      <Filter>Ten18\Capture</Filter>
    </ClCompile>
    <ClCompile Include="Ten18\Tracer.cpp">
      <Filter>Ten18</Filter>
    </ClCompile>
    <ClCompile Include="Ten18\Graphics\Display.cpp">
      <Filter>Ten18\Graphics</Filter>
    </ClCompile>
    <ClCompile Include="Ten18\CLR\HostMalloc.cpp">
      <Filter>Ten18\CLR</Filter>
    </ClCompile>
    <ClCompile Include="Ten18\Timer.cpp">
      <Filter>Ten18</Filter>
    </ClCompile>
    <ClCompile Include="Ten18\Assert.cpp">
      <Filter>Ten18</Filter>
    </ClCompile>
    <ClCompile Include="Ten18\Windows\Window.cpp">
      <Filter>Ten18\Windows</Filter>
    </ClCompile>
    <ClCompile Include="Ten18\Program.cpp">
      <Filter>Ten18</Filter>
    </ClCompile>
    <ClCompile Include="Ten18\CLR\HostMemoryManager.cpp">
      <Filter>Ten18\CLR</Filter>
    </ClCompile>
    <ClCompile Include="Ten18\CLR\HostAssemblyStore.cpp">
      <Filter>Ten18\CLR</Filter>
    </ClCompile>
    <ClCompile Include="Ten18\CLR\HostAssemblyManager.cpp">
      <Filter>Ten18\CLR</Filter>
    </ClCompile>
    <ClCompile Include="Ten18\Content\Index.cpp">
      <Filter>Ten18\Content</Filter>
    </ClCompile>
  </ItemGroup>
  <ItemGroup>
    <ClInclude Include="Ten18\PCH.h">
      <Filter>Ten18</Filter>
    </ClInclude>
    <ClInclude Include="Ten18\CLR\HostControl.h">
      <Filter>Ten18\CLR</Filter>
    </ClInclude>
    <ClInclude Include="Ten18\CLR\Host.h">
      <Filter>Ten18\CLR</Filter>
    </ClInclude>
    <ClInclude Include="Ten18\Assert.h">
      <Filter>Ten18</Filter>
    </ClInclude>
    <ClInclude Include="Ten18\Expect.h">
      <Filter>Ten18</Filter>
    </ClInclude>
    <ClInclude Include="Ten18\Windows\RawInput.h">
      <Filter>Ten18\Windows</Filter>
    </ClInclude>
    <ClInclude Include="Ten18\Windows\Window.h">
      <Filter>Ten18\Windows</Filter>
    </ClInclude>
    <ClInclude Include="Ten18\Graphics\Device.h">
      <Filter>Ten18\Graphics</Filter>
    </ClInclude>
    <ClInclude Include="Ten18\Graphics\SwapChain.h">
      <Filter>Ten18\Graphics</Filter>
    </ClInclude>
    <ClInclude Include="Ten18\Graphics\Constants.h">
      <Filter>Ten18\Graphics</Filter>
    </ClInclude>
    <ClInclude Include="Ten18\COM\COMPtr.h">
      <Filter>Ten18\COM</Filter>
    </ClInclude>
    <ClInclude Include="Ten18\COM\ImplUnknown.h">
      <Filter>Ten18\COM</Filter>
    </ClInclude>
    <ClInclude Include="Ten18\COM\EmbeddedResourceStream.h">
      <Filter>Ten18\COM</Filter>
    </ClInclude>
    <ClInclude Include="Ten18\Sandbox.h">
      <Filter>Ten18</Filter>
    </ClInclude>
    <ClInclude Include="Ten18\Capture\CLEyeCapture.h">
      <Filter>Ten18\Capture</Filter>
    </ClInclude>
    <ClInclude Include="Ten18\Capture\CaptureSource.h">
      <Filter>Ten18\Capture</Filter>
    </ClInclude>
    <ClInclude Include="Ten18\Image.h">
      <Filter>Ten18</Filter>
    </ClInclude>
    <ClInclude Include="Ten18\Scoped.h">
      <Filter>Ten18</Filter>
    </ClInclude>
    <ClInclude Include="Ten18\Timer.h">
      <Filter>Ten18</Filter>
    </ClInclude>
    <ClInclude Include="Ten18\COM\StackBasedSafeArray.h">
      <Filter>Ten18\COM</Filter>
    </ClInclude>
    <ClInclude Include="Ten18\Console.h">
      <Filter>Ten18</Filter>
    </ClInclude>
    <ClInclude Include="Ten18\Util.h">
      <Filter>Ten18</Filter>
    </ClInclude>
    <ClInclude Include="Ten18\Tests.h">
      <Filter>Ten18</Filter>
    </ClInclude>
    <ClInclude Include="Ten18\OnExit.h">
      <Filter>Ten18</Filter>
    </ClInclude>
    <ClInclude Include="Ten18\Graphics\Writer.h">
      <Filter>Ten18\Graphics</Filter>
    </ClInclude>
    <ClInclude Include="Ten18\Capture\MediaFoundationCapture.h">
      <Filter>Ten18\Capture</Filter>
    </ClInclude>
    <ClInclude Include="Ten18\Capture\MediaFoundationLogger.h">
      <Filter>Ten18\Capture</Filter>
    </ClInclude>
    <ClInclude Include="Ten18\Tracer.h">
      <Filter>Ten18</Filter>
    </ClInclude>
    <ClInclude Include="Ten18\Graphics\Display.h">
      <Filter>Ten18\Graphics</Filter>
    </ClInclude>
    <ClInclude Include="Ten18\CLR\HostMalloc.h">
      <Filter>Ten18\CLR</Filter>
    </ClInclude>
    <ClInclude Include="Ten18\Program.h">
      <Filter>Ten18</Filter>
    </ClInclude>
    <ClInclude Include="Ten18\CLR\IAppDomainManagerEx.h">
      <Filter>Ten18\CLR</Filter>
    </ClInclude>
    <ClInclude Include="Ten18\CLR\HostMemoryManager.h">
      <Filter>Ten18\CLR</Filter>
    </ClInclude>
    <ClInclude Include="Ten18\CLR\HostAssemblyStore.h">
      <Filter>Ten18\CLR</Filter>
    </ClInclude>
    <ClInclude Include="Ten18\CLR\HostAssemblyManager.h">
      <Filter>Ten18\CLR</Filter>
    </ClInclude>
    <ClInclude Include="Ten18\Content\Index.h">
      <Filter>Ten18\Content</Filter>
    </ClInclude>
  </ItemGroup>
  <ItemGroup>
    <Filter Include="Ten18">
      <UniqueIdentifier>{35d7c303-9f87-474d-82ec-cdfe92de116f}</UniqueIdentifier>
    </Filter>
    <Filter Include="Ten18\Graphics">
      <UniqueIdentifier>{1f3e45cb-ac74-4db0-bd78-cbb449834145}</UniqueIdentifier>
    </Filter>
    <Filter Include="Ten18\CLR">
      <UniqueIdentifier>{46af2f65-3b92-4d9c-95ca-af9237c59518}</UniqueIdentifier>
    </Filter>
    <Filter Include="Ten18\Windows">
      <UniqueIdentifier>{0f5ac33a-d82e-46e8-866b-be920106707b}</UniqueIdentifier>
    </Filter>
    <Filter Include="Ten18\Capture">
      <UniqueIdentifier>{6c8fdf2f-525d-4578-ac20-9839106d5bbd}</UniqueIdentifier>
    </Filter>
    <Filter Include="Ten18\COM">
      <UniqueIdentifier>{4c6caf62-37f4-44fc-8b9c-0b9c76828970}</UniqueIdentifier>
    </Filter>
    <Filter Include="Ten18\Content">
      <UniqueIdentifier>{b5d0d301-f47f-44e4-96c4-47921ed4614e}</UniqueIdentifier>
    </Filter>
  </ItemGroup>
</Project>